# THIS IS AN AUTOGENERATED FILE. DO NOT EDIT THIS FILE DIRECTLY.
# yarn lockfile v1


"@primeuix/styled@^0.7.4":
  version "0.7.4"
  resolved "https://registry.yarnpkg.com/@primeuix/styled/-/styled-0.7.4.tgz#d2108a7fad297dea60d549b2c10ed744dc0cbc0e"
  integrity sha512-QSO/NpOQg8e9BONWRBx9y8VGMCMYz0J/uKfNJEya/RGEu7ARx0oYW0ugI1N3/KB1AAvyGxzKBzGImbwg0KUiOQ==
  dependencies:
    "@primeuix/utils" "^0.6.1"

"@primeuix/styles@^2.0.2":
  version "2.0.3"
  resolved "https://registry.yarnpkg.com/@primeuix/styles/-/styles-2.0.3.tgz#e42d14c138fe092683228d65a3f6de17de70d6a0"
  integrity sha512-2ykAB6BaHzR/6TwF8ShpJTsZrid6cVIEBVlookSdvOdmlWuevGu5vWOScgIwqWwlZcvkFYAGR/SUV3OHCTBMdw==
  dependencies:
    "@primeuix/styled" "^0.7.4"

"@primeuix/themes@^2.0.3":
  version "2.0.3"
  resolved "https://registry.yarnpkg.com/@primeuix/themes/-/themes-2.0.3.tgz#c3919d49e818b3bbac611ab8d89a52d4ffed6815"
  integrity sha512-3fS1883mtCWhgUgNf/feiaaDSOND4EBIOu9tZnzJlJ8QtYyL6eFLcA6V3ymCWqLVXQ1+lTVEZv1gl47FIdXReg==
  dependencies:
    "@primeuix/styled" "^0.7.4"

"@primeuix/utils@^0.6.1", "@primeuix/utils@^0.6.2":
  version "0.6.4"
  resolved "https://registry.yarnpkg.com/@primeuix/utils/-/utils-0.6.4.tgz#f436eae1be166662d424b8550a97ba0c150819e6"
  integrity sha512-pZ5f+vj7wSzRhC7KoEQRU5fvYAe+RP9+m39CTscZ3UywCD1Y2o6Fe1rRgklMPSkzUcty2jzkA0zMYkiJBD1hgg==

"@primevue/core@4.5.4":
  version "4.5.4"
  resolved "https://registry.yarnpkg.com/@primevue/core/-/core-4.5.4.tgz#65ede07d18040bb7c09b199725d561c27b7ac76b"
  integrity sha512-lYJJB3wTrDJ8MkLctzHfrPZAqXVxoatjIsswSJzupatf6ZogJHVYADUKcn1JAkLLk8dtV1FA2AxDek663fHO5Q==
  dependencies:
    "@primeuix/styled" "^0.7.4"
    "@primeuix/utils" "^0.6.2"

"@primevue/icons@4.5.4":
  version "4.5.4"
  resolved "https://registry.yarnpkg.com/@primevue/icons/-/icons-4.5.4.tgz#dcb195dbb732fe9f3ab5db0de1bc49660d2c1f0f"
  integrity sha512-DxgryEc7ZmUqcEhYMcxGBRyFzdtLIoy3jLtlH1zsVSRZaG+iSAcjQ88nvfkZxGUZtZBFL7sRjF6KLq3bJZJwUw==
  dependencies:
    "@primeuix/utils" "^0.6.2"
    "@primevue/core" "4.5.4"

colorette@^2.0.20:
  version "2.0.20"
  resolved "https://registry.npmjs.org/colorette/-/colorette-2.0.20.tgz"
  integrity sha512-IfEDxwoWIjkeXL1eXcDiow4UbKjhLdq6/EuSVR9GMN7KVH3r9gQ83e73hsz1Nd1T3ijd5xv1wcWRYO+D6kCI2w==

dotenv@^17.3.1:
  version "17.3.1"
  resolved "https://registry.npmjs.org/dotenv/-/dotenv-17.3.1.tgz"
  integrity sha512-IO8C/dzEb6O3F9/twg6ZLXz164a2fhTnEWb95H23Dm4OuN+92NmEAlTrupP9VW6Jm3sO26tQlqyvyi4CsnY9GA==

primevue@^4.5.4:
  version "4.5.4"
  resolved "https://registry.yarnpkg.com/primevue/-/primevue-4.5.4.tgz#ef96d1a5c8def9fd759b313c3e73646577911b5b"
  integrity sha512-nTyEohZABFJhVIpeUxgP0EJ8vKcJAhD+Z7DYj95e7ie/MNUCjRNcGjqmE1cXtXi4z54qDfTSI9h2uJ51qz2DIw==
  dependencies:
    "@primeuix/styled" "^0.7.4"
    "@primeuix/styles" "^2.0.2"
    "@primeuix/utils" "^0.6.2"
    "@primevue/core" "4.5.4"
    "@primevue/icons" "4.5.4"

typescript@^5.9.3:
  version "5.9.3"
  resolved "https://registry.npmjs.org/typescript/-/typescript-5.9.3.tgz"
  integrity sha512-jl1vZzPDinLr9eUt3J/t7V6FgNEw9QjvBPdysz9KfQDD41fQrC2Y4vKQdiaUpFT4bXlb1RHhLpp8wtm6M5TgSw==
